// !$*UTF8*$!
{
	archiveVersion = 1;
	classes = {
	};
	objectVersion = 46;
	objects = {

/* Begin PBXBuildFile section */
		74045DF01F734C0C009D2F2E /* 다운로드.jpeg in Resources */ = {isa = PBXBuildFile; fileRef = 74045DEF1F734C0C009D2F2E /* 다운로드.jpeg */; };
		74045DF31F734C26009D2F2E /* citizen_logo.png in Resources */ = {isa = PBXBuildFile; fileRef = 74045DF11F734C26009D2F2E /* citizen_logo.png */; };
		74045DF41F734C26009D2F2E /* DIT_logo.png in Resources */ = {isa = PBXBuildFile; fileRef = 74045DF21F734C26009D2F2E /* DIT_logo.png */; };
		74EA8DCA1F6F9B12005B316C /* AppDelegate.swift in Sources */ = {isa = PBXBuildFile; fileRef = 74EA8DC91F6F9B12005B316C /* AppDelegate.swift */; };
		74EA8DCC1F6F9B12005B316C /* ViewController.swift in Sources */ = {isa = PBXBuildFile; fileRef = 74EA8DCB1F6F9B12005B316C /* ViewController.swift */; };
		74EA8DCF1F6F9B12005B316C /* Main.storyboard in Resources */ = {isa = PBXBuildFile; fileRef = 74EA8DCD1F6F9B12005B316C /* Main.storyboard */; };
		74EA8DD11F6F9B12005B316C /* Assets.xcassets in Resources */ = {isa = PBXBuildFile; fileRef = 74EA8DD01F6F9B12005B316C /* Assets.xcassets */; };
		74EA8DD41F6F9B12005B316C /* LaunchScreen.storyboard in Resources */ = {isa = PBXBuildFile; fileRef = 74EA8DD21F6F9B12005B316C /* LaunchScreen.storyboard */; };
		74EA8DDC1F6F9B79005B316C /* ViewPoint.plist in Resources */ = {isa = PBXBuildFile; fileRef = 74EA8DDB1F6F9B79005B316C /* ViewPoint.plist */; };
		74EA8DDF1F6F9BD7005B316C /* MapKit.framework in Frameworks */ = {isa = PBXBuildFile; fileRef = 74EA8DDE1F6F9BD7005B316C /* MapKit.framework */; };
/* End PBXBuildFile section */

/* Begin PBXFileReference section */
		74045DEF1F734C0C009D2F2E /* 다운로드.jpeg */ = {isa = PBXFileReference; lastKnownFileType = image.jpeg; path = "다운로드.jpeg"; sourceTree = "<group>"; };
		74045DF11F734C26009D2F2E /* citizen_logo.png */ = {isa = PBXFileReference; lastKnownFileType = image.png; path = citizen_logo.png; sourceTree = "<group>"; };
		74045DF21F734C26009D2F2E /* DIT_logo.png */ = {isa = PBXFileReference; lastKnownFileType = image.png; path = DIT_logo.png; sourceTree = "<group>"; };
		74EA8DC61F6F9B12005B316C /* 02_Pin_Plist.app */ = {isa = PBXFileReference; explicitFileType = wrapper.application; includeInIndex = 0; path = 02_Pin_Plist.app; sourceTree = BUILT_PRODUCTS_DIR; };
		74EA8DC91F6F9B12005B316C /* AppDelegate.swift */ = {isa = PBXFileReference; lastKnownFileType = sourcecode.swift; path = AppDelegate.swift; sourceTree = "<group>"; };
		74EA8DCB1F6F9B12005B316C /* ViewController.swift */ = {isa = PBXFileReference; indentWidth = 5; lastKnownFileType = sourcecode.swift; path = ViewController.swift; sourceTree = "<group>"; };
		74EA8DCE1F6F9B12005B316C /* Base */ = {isa = PBXFileReference; lastKnownFileType = file.storyboard; name = Base; path = Base.lproj/Main.storyboard; sourceTree = "<group>"; };
		74EA8DD01F6F9B12005B316C /* Assets.xcassets */ = {isa = PBXFileReference; lastKnownFileType = folder.assetcatalog; path = Assets.xcassets; sourceTree = "<group>"; };
		74EA8DD31F6F9B12005B316C /* Base */ = {isa = PBXFileReference; lastKnownFileType = file.storyboard; name = Base; path = Base.lproj/LaunchScreen.storyboard; sourceTree = "<group>"; };
		74EA8DD51F6F9B12005B316C /* Info.plist */ = {isa = PBXFileReference; lastKnownFileType = text.plist.xml; path = Info.plist; sourceTree = "<group>"; };
		74EA8DDB1F6F9B79005B316C /* ViewPoint.plist */ = {isa = PBXFileReference; fileEncoding = 4; lastKnownFileType = text.plist.xml; name = ViewPoint.plist; path = ../ViewPoint.plist; sourceTree = "<group>"; };
		74EA8DDE1F6F9BD7005B316C /* MapKit.framework */ = {isa = PBXFileReference; lastKnownFileType = wrapper.framework; name = MapKit.framework; path = System/Library/Frameworks/MapKit.framework; sourceTree = SDKROOT; };
/* End PBXFileReference section */

/* Begin PBXFrameworksBuildPhase section */
		74EA8DC31F6F9B12005B316C /* Frameworks */ = {
			isa = PBXFrameworksBuildPhase;
			buildActionMask = 2147483647;
			files = (
				74EA8DDF1F6F9BD7005B316C /* MapKit.framework in Frameworks */,
			);
			runOnlyForDeploymentPostprocessing = 0;
		};
/* End PBXFrameworksBuildPhase section */

/* Begin PBXGroup section */
		74EA8DBD1F6F9B12005B316C = {
			isa = PBXGroup;
			children = (
				74EA8DC81F6F9B12005B316C /* 02_Pin_Plist */,
				74EA8DC71F6F9B12005B316C /* Products */,
				74EA8DDD1F6F9BD7005B316C /* Frameworks */,
			);
			sourceTree = "<group>";
		};
		74EA8DC71F6F9B12005B316C /* Products */ = {
			isa = PBXGroup;
			children = (
				74EA8DC61F6F9B12005B316C /* 02_Pin_Plist.app */,
			);
			name = Products;
			sourceTree = "<group>";
		};
		74EA8DC81F6F9B12005B316C /* 02_Pin_Plist */ = {
			isa = PBXGroup;
			children = (
				74045DEF1F734C0C009D2F2E /* 다운로드.jpeg */,
				74045DF11F734C26009D2F2E /* citizen_logo.png */,
				74045DF21F734C26009D2F2E /* DIT_logo.png */,
				74EA8DDB1F6F9B79005B316C /* ViewPoint.plist */,
				74EA8DC91F6F9B12005B316C /* AppDelegate.swift */,
				74EA8DCB1F6F9B12005B316C /* ViewController.swift */,
				74EA8DCD1F6F9B12005B316C /* Main.storyboard */,
				74EA8DD01F6F9B12005B316C /* Assets.xcassets */,
				74EA8DD21F6F9B12005B316C /* LaunchScreen.storyboard */,
				74EA8DD51F6F9B12005B316C /* Info.plist */,
			);
			path = 02_Pin_Plist;
			sourceTree = "<group>";
		};
		74EA8DDD1F6F9BD7005B316C /* Frameworks */ = {
			isa = PBXGroup;
			children = (
				74EA8DDE1F6F9BD7005B316C /* MapKit.framework */,
			);
			name = Frameworks;
			sourceTree = "<group>";
		};
/* End PBXGroup section */

/* Begin PBXNativeTarget section */
		74EA8DC51F6F9B12005B316C /* 02_Pin_Plist */ = {
			isa = PBXNativeTarget;
			buildConfigurationList = 74EA8DD81F6F9B12005B316C /* Build configuration list for PBXNativeTarget "02_Pin_Plist" */;
			buildPhases = (
				74EA8DC21F6F9B12005B316C /* Sources */,
				74EA8DC31F6F9B12005B316C /* Frameworks */,
				74EA8DC41F6F9B12005B316C /* Resources */,
			);
			buildRules = (
			);
			dependencies = (
			);
			name = 02_Pin_Plist;
			productName = 02_Pin_Plist;
			productReference = 74EA8DC61F6F9B12005B316C /* 02_Pin_Plist.app */;
			productType = "com.apple.product-type.application";
		};
/* End PBXNativeTarget section */

/* Begin PBXProject section */
		74EA8DBE1F6F9B12005B316C /* Project object */ = {
			isa = PBXProject;
			attributes = {
				LastSwiftUpdateCheck = 0830;
				LastUpgradeCheck = 0830;
				ORGANIZATIONNAME = lyw;
				TargetAttributes = {
					74EA8DC51F6F9B12005B316C = {
						CreatedOnToolsVersion = 8.3.3;
						ProvisioningStyle = Automatic;
					};
				};
			};
			buildConfigurationList = 74EA8DC11F6F9B12005B316C /* Build configuration list for PBXProject "02_Pin_Plist" */;
			compatibilityVersion = "Xcode 3.2";
			developmentRegion = English;
			hasScannedForEncodings = 0;
			knownRegions = (
				en,
				Base,
			);
			mainGroup = 74EA8DBD1F6F9B12005B316C;
			productRefGroup = 74EA8DC71F6F9B12005B316C /* Products */;
			projectDirPath = "";
			projectRoot = "";
			targets = (
				74EA8DC51F6F9B12005B316C /* 02_Pin_Plist */,
			);
		};
/* End PBXProject section */

/* Begin PBXResourcesBuildPhase section */
		74EA8DC41F6F9B12005B316C /* Resources */ = {
			isa = PBXResourcesBuildPhase;
			buildActionMask = 2147483647;
			files = (
				74EA8DD41F6F9B12005B316C /* LaunchScreen.storyboard in Resources */,
				74EA8DD11F6F9B12005B316C /* Assets.xcassets in Resources */,
				74045DF41F734C26009D2F2E /* DIT_logo.png in Resources */,
				74EA8DDC1F6F9B79005B316C /* ViewPoint.plist in Resources */,
				74045DF31F734C26009D2F2E /* citizen_logo.png in Resources */,
				74045DF01F734C0C009D2F2E /* 다운로드.jpeg in Resources */,
				74EA8DCF1F6F9B12005B316C /* Main.storyboard in Resources */,
			);
			runOnlyForDeploymentPostprocessing = 0;
		};
/* End PBXResourcesBuildPhase section */

/* Begin PBXSourcesBuildPhase section */
		74EA8DC21F6F9B12005B316C /* Sources */ = {
			isa = PBXSourcesBuildPhase;
			buildActionMask = 2147483647;
			files = (
				74EA8DCC1F6F9B12005B316C /* ViewController.swift in Sources */,
				74EA8DCA1F6F9B12005B316C /* AppDelegate.swift in Sources */,
			);
			runOnlyForDeploymentPostprocessing = 0;
		};
/* End PBXSourcesBuildPhase section */

/* Begin PBXVariantGroup section */
		74EA8DCD1F6F9B12005B316C /* Main.storyboard */ = {
			isa = PBXVariantGroup;
			children = (
				74EA8DCE1F6F9B12005B316C /* Base */,
			);
			name = Main.storyboard;
			sourceTree = "<group>";
		};
		74EA8DD21F6F9B12005B316C /* LaunchScreen.storyboard */ = {
			isa = PBXVariantGroup;
			children = (
				74EA8DD31F6F9B12005B316C /* Base */,
			);
			name = LaunchScreen.storyboard;
			sourceTree = "<group>";
		};
/* End PBXVariantGroup section */

/* Begin XCBuildConfiguration section */
		74EA8DD61F6F9B12005B316C /* Debug */ = {
			isa = XCBuildConfiguration;
			buildSettings = {
				ALWAYS_SEARCH_USER_PATHS = NO;
				CLANG_ANALYZER_NONNULL = YES;
				CLANG_ANALYZER_NUMBER_OBJECT_CONVERSION = YES_AGGRESSIVE;
				CLANG_CXX_LANGUAGE_STANDARD = "gnu++0x";
				CLANG_CXX_LIBRARY = "libc++";
				CLANG_ENABLE_MODULES = YES;
				CLANG_ENABLE_OBJC_ARC = YES;
				CLANG_WARN_BOOL_CONVERSION = YES;
				CLANG_WARN_CONSTANT_CONVERSION = YES;
				CLANG_WARN_DIRECT_OBJC_ISA_USAGE = YES_ERROR;
				CLANG_WARN_DOCUMENTATION_COMMENTS = YES;
				CLANG_WARN_EMPTY_BODY = YES;
				CLANG_WARN_ENUM_CONVERSION = YES;
				CLANG_WARN_INFINITE_RECURSION = YES;
				CLANG_WARN_INT_CONVERSION = YES;
				CLANG_WARN_OBJC_ROOT_CLASS = YES_ERROR;
				CLANG_WARN_SUSPICIOUS_MOVE = YES;
				CLANG_WARN_UNREACHABLE_CODE = YES;
				CLANG_WARN__DUPLICATE_METHOD_MATCH = YES;
				"CODE_SIGN_IDENTITY[sdk=iphoneos*]" = "iPhone Developer";
				COPY_PHASE_STRIP = NO;
				DEBUG_INFORMATION_FORMAT = dwarf;
				ENABLE_STRICT_OBJC_MSGSEND = YES;
				ENABLE_TESTABILITY = YES;
				GCC_C_LANGUAGE_STANDARD = gnu99;
				GCC_DYNAMIC_NO_PIC = NO;
				GCC_NO_COMMON_BLOCKS = YES;
				GCC_OPTIMIZATION_LEVEL = 0;
				GCC_PREPROCESSOR_DEFINITIONS = (
					"DEBUG=1",
					"$(inherited)",
				);
				GCC_WARN_64_TO_32_BIT_CONVERSION = YES;
				GCC_WARN_ABOUT_RETURN_TYPE = YES_ERROR;
				GCC_WARN_UNDECLARED_SELECTOR = YES;
				GCC_WARN_UNINITIALIZED_AUTOS = YES_AGGRESSIVE;
				GCC_WARN_UNUSED_FUNCTION = YES;
				GCC_WARN_UNUSED_VARIABLE = YES;
				IPHONEOS_DEPLOYMENT_TARGET = 10.3;
				MTL_ENABLE_DEBUG_INFO = YES;
				ONLY_ACTIVE_ARCH = YES;
				SDKROOT = iphoneos;
				SWIFT_ACTIVE_COMPILATION_CONDITIONS = DEBUG;
				SWIFT_OPTIMIZATION_LEVEL = "-Onone";
			};
			name = Debug;
		};
		74EA8DD71F6F9B12005B316C /* Release */ = {
			isa = XCBuildConfiguration;
			buildSettings = {
				ALWAYS_SEARCH_USER_PATHS = NO;
				CLANG_ANALYZER_NONNULL = YES;
				CLANG_ANALYZER_NUMBER_OBJECT_CONVERSION = YES_AGGRESSIVE;
				CLANG_CXX_LANGUAGE_STANDARD = "gnu++0x";
				CLANG_CXX_LIBRARY = "libc++";
				CLANG_ENABLE_MODULES = YES;
				CLANG_ENABLE_OBJC_ARC = YES;
				CLANG_WARN_BOOL_CONVERSION = YES;
				CLANG_WARN_CONSTANT_CONVERSION = YES;
				CLANG_WARN_DIRECT_OBJC_ISA_USAGE = YES_ERROR;
				CLANG_WARN_DOCUMENTATION_COMMENTS = YES;
				CLANG_WARN_EMPTY_BODY = YES;
				CLANG_WARN_ENUM_CONVERSION = YES;
				CLANG_WARN_INFINITE_RECURSION = YES;
				CLANG_WARN_INT_CONVERSION = YES;
				CLANG_WARN_OBJC_ROOT_CLASS = YES_ERROR;
				CLANG_WARN_SUSPICIOUS_MOVE = YES;
				CLANG_WARN_UNREACHABLE_CODE = YES;
				CLANG_WARN__DUPLICATE_METHOD_MATCH = YES;
				"CODE_SIGN_IDENTITY[sdk=iphoneos*]" = "iPhone Developer";
				COPY_PHASE_STRIP = NO;
				DEBUG_INFORMATION_FORMAT = "dwarf-with-dsym";
				ENABLE_NS_ASSERTIONS = NO;
				ENABLE_STRICT_OBJC_MSGSEND = YES;
				GCC_C_LANGUAGE_STANDARD = gnu99;
				GCC_NO_COMMON_BLOCKS = YES;
				GCC_WARN_64_TO_32_BIT_CONVERSION = YES;
				GCC_WARN_ABOUT_RETURN_TYPE = YES_ERROR;
				GCC_WARN_UNDECLARED_SELECTOR = YES;
				GCC_WARN_UNINITIALIZED_AUTOS = YES_AGGRESSIVE;
				GCC_WARN_UNUSED_FUNCTION = YES;
				GCC_WARN_UNUSED_VARIABLE = YES;
				IPHONEOS_DEPLOYMENT_TARGET = 10.3;
				MTL_ENABLE_DEBUG_INFO = NO;
				SDKROOT = iphoneos;
				SWIFT_OPTIMIZATION_LEVEL = "-Owholemodule";
				VALIDATE_PRODUCT = YES;
			};
			name = Release;
		};
		74EA8DD91F6F9B12005B316C /* Debug */ = {
			isa = XCBuildConfiguration;
			buildSettings = {
				ASSETCATALOG_COMPILER_APPICON_NAME = AppIcon;
				INFOPLIST_FILE = 02_Pin_Plist/Info.plist;
				LD_RUNPATH_SEARCH_PATHS = "$(inherited) @executable_path/Frameworks";
				PRODUCT_BUNDLE_IDENTIFIER = "lyw.ac.kr.-2-Pin-Plist";
				PRODUCT_NAME = "$(TARGET_NAME)";
				SWIFT_VERSION = 3.0;
			};
			name = Debug;
		};
		74EA8DDA1F6F9B12005B316C /* Release */ = {
			isa = XCBuildConfiguration;
			buildSettings = {
				ASSETCATALOG_COMPILER_APPICON_NAME = AppIcon;
				INFOPLIST_FILE = 02_Pin_Plist/Info.plist;
				LD_RUNPATH_SEARCH_PATHS = "$(inherited) @executable_path/Frameworks";
				PRODUCT_BUNDLE_IDENTIFIER = "lyw.ac.kr.-2-Pin-Plist";
				PRODUCT_NAME = "$(TARGET_NAME)";
				SWIFT_VERSION = 3.0;
			};
			name = Release;
		};
/* End XCBuildConfiguration section */

/* Begin XCConfigurationList section */
		74EA8DC11F6F9B12005B316C /* Build configuration list for PBXProject "02_Pin_Plist" */ = {
			isa = XCConfigurationList;
			buildConfigurations = (
				74EA8DD61F6F9B12005B316C /* Debug */,
				74EA8DD71F6F9B12005B316C /* Release */,
			);
			defaultConfigurationIsVisible = 0;
			defaultConfigurationName = Release;
		};
		74EA8DD81F6F9B12005B316C /* Build configuration list for PBXNativeTarget "02_Pin_Plist" */ = {
			isa = XCConfigurationList;
			buildConfigurations = (
				74EA8DD91F6F9B12005B316C /* Debug */,
				74EA8DDA1F6F9B12005B316C /* Release */,
			);
			defaultConfigurationIsVisible = 0;
			defaultConfigurationName = Release;
		};
/* End XCConfigurationList section */
	};
	rootObject = 74EA8DBE1F6F9B12005B316C /* Project object */;
}
